
Microsoft Visual Studio Solution File, Format Version 12.00
# Visual Studio 2013
VisualStudioVersion = 12.0.40629.0
MinimumVisualStudioVersion = 10.0.40219.1
Project("{FAE04EC0-301F-11D3-BF4B-00C04F79EFBC}") = "PositiveTechnologies", "PositiveTechnologies.csproj", "{AFDF06D9-264C-4D26-A326-03E40E7EAB31}"
EndProject
Project("{2150E333-8FDC-42A3-9474-1A3956D46DE8}") = ".nuget", ".nuget", "{1E29DF4E-F6D5-452B-A9B6-B79C3E0E1CDB}"
	ProjectSection(SolutionItems) = preProject
		.nuget\NuGet.Config = .nuget\NuGet.Config
		.nuget\NuGet.exe = .nuget\NuGet.exe
		.nuget\NuGet.targets = .nuget\NuGet.targets
	EndProjectSection
EndProject
Global
	GlobalSection(SolutionConfigurationPlatforms) = preSolution
		Debug|Any CPU = Debug|Any CPU
		Release|Any CPU = Release|Any CPU
	EndGlobalSection
	GlobalSection(ProjectConfigurationPlatforms) = postSolution
		{AFDF06D9-264C-4D26-A326-03E40E7EAB31}.Debug|Any CPU.ActiveCfg = Debug|Any CPU
		{AFDF06D9-264C-4D26-A326-03E40E7EAB31}.Debug|Any CPU.Build.0 = Debug|Any CPU
		{AFDF06D9-264C-4D26-A326-03E40E7EAB31}.Release|Any CPU.ActiveCfg = Release|Any CPU
		{AFDF06D9-264C-4D26-A326-03E40E7EAB31}.Release|Any CPU.Build.0 = Release|Any CPU
	EndGlobalSection
	GlobalSection(SolutionProperties) = preSolution
		HideSolutionNode = FALSE
	EndGlobalSection
EndGlobal
